
Microsoft Visual Studio Solution File, Format Version 12.00
# Visual Studio 2012
Project("{FAE04EC0-301F-11D3-BF4B-00C04F79EFBC}") = "QuanLyNhanSu", "QuanLyNhanSu\QuanLyNhanSu.csproj", "{16C807B7-F4A2-4DA6-97E0-6698F37A92FE}"
EndProject
Global
	GlobalSection(SolutionConfigurationPlatforms) = preSolution
		Debug|Any CPU = Debug|Any CPU
		Release|Any CPU = Release|Any CPU
	EndGlobalSection
	GlobalSection(ProjectConfigurationPlatforms) = postSolution
		{16C807B7-F4A2-4DA6-97E0-6698F37A92FE}.Debug|Any CPU.ActiveCfg = Debug|Any CPU
		{16C807B7-F4A2-4DA6-97E0-6698F37A92FE}.Debug|Any CPU.Build.0 = Debug|Any CPU
		{16C807B7-F4A2-4DA6-97E0-6698F37A92FE}.Release|Any CPU.ActiveCfg = Release|Any CPU
		{16C807B7-F4A2-4DA6-97E0-6698F37A92FE}.Release|Any CPU.Build.0 = Release|Any CPU
	EndGlobalSection
	GlobalSection(SolutionProperties) = preSolution
		HideSolutionNode = FALSE
	EndGlobalSection
EndGlobal
