
Microsoft Visual Studio Solution File, Format Version 12.00
# Visual Studio 2012
Project("{FAE04EC0-301F-11D3-BF4B-00C04F79EFBC}") = "QuanLyTHPT", "QuanLyTHPT\QuanLyTHPT.csproj", "{27C0E001-705A-478B-A67D-055B693708FB}"
EndProject
Global
	GlobalSection(SolutionConfigurationPlatforms) = preSolution
		Debug|Any CPU = Debug|Any CPU
		Release|Any CPU = Release|Any CPU
	EndGlobalSection
	GlobalSection(ProjectConfigurationPlatforms) = postSolution
		{27C0E001-705A-478B-A67D-055B693708FB}.Debug|Any CPU.ActiveCfg = Debug|Any CPU
		{27C0E001-705A-478B-A67D-055B693708FB}.Debug|Any CPU.Build.0 = Debug|Any CPU
		{27C0E001-705A-478B-A67D-055B693708FB}.Release|Any CPU.ActiveCfg = Release|Any CPU
		{27C0E001-705A-478B-A67D-055B693708FB}.Release|Any CPU.Build.0 = Release|Any CPU
	EndGlobalSection
	GlobalSection(SolutionProperties) = preSolution
		HideSolutionNode = FALSE
	EndGlobalSection
EndGlobal
