
Microsoft Visual Studio Solution File, Format Version 12.00
# Visual Studio 2012
Project("{FAE04EC0-301F-11D3-BF4B-00C04F79EFBC}") = "TNT_B6_QuanLiSieuThi", "TNT_B6_QuanLiSieuThi\TNT_B6_QuanLiSieuThi.csproj", "{EA951063-C3AF-4500-991E-08099E1928EF}"
EndProject
Global
	GlobalSection(SolutionConfigurationPlatforms) = preSolution
		Debug|Any CPU = Debug|Any CPU
		Release|Any CPU = Release|Any CPU
	EndGlobalSection
	GlobalSection(ProjectConfigurationPlatforms) = postSolution
		{EA951063-C3AF-4500-991E-08099E1928EF}.Debug|Any CPU.ActiveCfg = Debug|Any CPU
		{EA951063-C3AF-4500-991E-08099E1928EF}.Debug|Any CPU.Build.0 = Debug|Any CPU
		{EA951063-C3AF-4500-991E-08099E1928EF}.Release|Any CPU.ActiveCfg = Release|Any CPU
		{EA951063-C3AF-4500-991E-08099E1928EF}.Release|Any CPU.Build.0 = Release|Any CPU
	EndGlobalSection
	GlobalSection(SolutionProperties) = preSolution
		HideSolutionNode = FALSE
	EndGlobalSection
EndGlobal
